Microsoft Visual Studio Solution File, Format Version 12.00
# Visual Studio Version 17
VisualStudioVersion = 17.5.2.0
MinimumVisualStudioVersion = 10.0.40219.1
Project("{FAE04EC0-301F-11D3-BF4B-00C04F79EFBC}") = "SnakeAid.Api", "SnakeAid.Api.csproj", "{6523690F-1BE5-3357-ED55-D4461CEB9413}"
EndProject
Global
	GlobalSection(SolutionConfigurationPlatforms) = preSolution
		Debug|Any CPU = Debug|Any CPU
		Release|Any CPU = Release|Any CPU
	EndGlobalSection
	GlobalSection(ProjectConfigurationPlatforms) = postSolution
		{6523690F-1BE5-3357-ED55-D4461CEB9413}.Debug|Any CPU.ActiveCfg = Debug|Any CPU
		{6523690F-1BE5-3357-ED55-D4461CEB9413}.Debug|Any CPU.Build.0 = Debug|Any CPU
		{6523690F-1BE5-3357-ED55-D4461CEB9413}.Release|Any CPU.ActiveCfg = Release|Any CPU
		{6523690F-1BE5-3357-ED55-D4461CEB9413}.Release|Any CPU.Build.0 = Release|Any CPU
	EndGlobalSection
	GlobalSection(SolutionProperties) = preSolution
		HideSolutionNode = FALSE
	EndGlobalSection
	GlobalSection(ExtensibilityGlobals) = postSolution
		SolutionGuid = {46091D68-7FCE-4FCB-97CB-6A1C8EF4C5B9}
	EndGlobalSection
EndGlobal
